
Microsoft Visual Studio Solution File, Format Version 12.00
# Visual Studio Version 16
VisualStudioVersion = 16.0.31624.102
MinimumVisualStudioVersion = 10.0.40219.1
Project("{9A19103F-16F7-4668-BE54-9A1E7A4F7556}") = "TestLibrary", "TestLibrary\TestLibrary.csproj", "{06F1176F-F127-47F4-B009-DD6D960662E0}"
EndProject
Project("{9A19103F-16F7-4668-BE54-9A1E7A4F7556}") = "CalculateAreaShapes", "CalculateAreaShapes\CalculateAreaShapes.csproj", "{FDA56436-D859-4D0C-9206-C48CAA69DCDA}"
EndProject
Project("{2150E333-8FDC-42A3-9474-1A3956D46DE8}") = "SQL", "SQL", "{560FEC9C-DDE0-49E9-B1A5-477A6E483EE3}"
	ProjectSection(SolutionItems) = preProject
		..\..\..\Desktop\DisplayProductsWithCategories.sql = ..\..\..\Desktop\DisplayProductsWithCategories.sql
	EndProjectSection
EndProject
Global
	GlobalSection(SolutionConfigurationPlatforms) = preSolution
		Debug|Any CPU = Debug|Any CPU
		Release|Any CPU = Release|Any CPU
	EndGlobalSection
	GlobalSection(ProjectConfigurationPlatforms) = postSolution
		{06F1176F-F127-47F4-B009-DD6D960662E0}.Debug|Any CPU.ActiveCfg = Debug|Any CPU
		{06F1176F-F127-47F4-B009-DD6D960662E0}.Debug|Any CPU.Build.0 = Debug|Any CPU
		{06F1176F-F127-47F4-B009-DD6D960662E0}.Release|Any CPU.ActiveCfg = Release|Any CPU
		{06F1176F-F127-47F4-B009-DD6D960662E0}.Release|Any CPU.Build.0 = Release|Any CPU
		{FDA56436-D859-4D0C-9206-C48CAA69DCDA}.Debug|Any CPU.ActiveCfg = Debug|Any CPU
		{FDA56436-D859-4D0C-9206-C48CAA69DCDA}.Debug|Any CPU.Build.0 = Debug|Any CPU
		{FDA56436-D859-4D0C-9206-C48CAA69DCDA}.Release|Any CPU.ActiveCfg = Release|Any CPU
		{FDA56436-D859-4D0C-9206-C48CAA69DCDA}.Release|Any CPU.Build.0 = Release|Any CPU
	EndGlobalSection
	GlobalSection(SolutionProperties) = preSolution
		HideSolutionNode = FALSE
	EndGlobalSection
	GlobalSection(ExtensibilityGlobals) = postSolution
		SolutionGuid = {D73A7652-26B5-4E50-AEC4-EBD017CFD8CE}
	EndGlobalSection
EndGlobal
